// !$*UTF8*$!
{
	archiveVersion = 1;
	classes = {
	};
	objectVersion = 46;
	objects = {

/* Begin PBXBuildFile section */
		8D77962F1B8E0E5D00539311 /* IconLabel.h in CopyFiles */ = {isa = PBXBuildFile; fileRef = 8D77962E1B8E0E5D00539311 /* IconLabel.h */; };
		8D7796311B8E0E5D00539311 /* IconLabel.m in Sources */ = {isa = PBXBuildFile; fileRef = 8D7796301B8E0E5D00539311 /* IconLabel.m */; };
		8D7796371B8E0E5D00539311 /* libIconLabel.a in Frameworks */ = {isa = PBXBuildFile; fileRef = 8D77962B1B8E0E5D00539311 /* libIconLabel.a */; };
/* End PBXBuildFile section */

/* Begin PBXContainerItemProxy section */
		8D7796381B8E0E5D00539311 /* PBXContainerItemProxy */ = {
			isa = PBXContainerItemProxy;
			containerPortal = 8D7796231B8E0E5D00539311 /* Project object */;
			proxyType = 1;
			remoteGlobalIDString = 8D77962A1B8E0E5D00539311;
			remoteInfo = IconLabel;
		};
/* End PBXContainerItemProxy section */

/* Begin PBXCopyFilesBuildPhase section */
		8D7796291B8E0E5D00539311 /* CopyFiles */ = {
			isa = PBXCopyFilesBuildPhase;
			buildActionMask = 2147483647;
			dstPath = "include/$(PRODUCT_NAME)";
			dstSubfolderSpec = 16;
			files = (
				8D77962F1B8E0E5D00539311 /* IconLabel.h in CopyFiles */,
			);
			runOnlyForDeploymentPostprocessing = 0;
		};
/* End PBXCopyFilesBuildPhase section */

/* Begin PBXFileReference section */
		8D77962B1B8E0E5D00539311 /* libIconLabel.a */ = {isa = PBXFileReference; explicitFileType = archive.ar; includeInIndex = 0; path = libIconLabel.a; sourceTree = BUILT_PRODUCTS_DIR; };
		8D77962E1B8E0E5D00539311 /* IconLabel.h */ = {isa = PBXFileReference; lastKnownFileType = sourcecode.c.h; path = IconLabel.h; sourceTree = "<group>"; };
		8D7796301B8E0E5D00539311 /* IconLabel.m */ = {isa = PBXFileReference; lastKnownFileType = sourcecode.c.objc; path = IconLabel.m; sourceTree = "<group>"; };
		8D7796361B8E0E5D00539311 /* IconLabelTests.xctest */ = {isa = PBXFileReference; explicitFileType = wrapper.cfbundle; includeInIndex = 0; path = IconLabelTests.xctest; sourceTree = BUILT_PRODUCTS_DIR; };
		8D77963C1B8E0E5D00539311 /* Info.plist */ = {isa = PBXFileReference; lastKnownFileType = text.plist.xml; path = Info.plist; sourceTree = "<group>"; };
/* End PBXFileReference section */

/* Begin PBXFrameworksBuildPhase section */
		8D7796281B8E0E5D00539311 /* Frameworks */ = {
			isa = PBXFrameworksBuildPhase;
			buildActionMask = 2147483647;
			files = (
			);
			runOnlyForDeploymentPostprocessing = 0;
		};
		8D7796331B8E0E5D00539311 /* Frameworks */ = {
			isa = PBXFrameworksBuildPhase;
			buildActionMask = 2147483647;
			files = (
				8D7796371B8E0E5D00539311 /* libIconLabel.a in Frameworks */,
			);
			runOnlyForDeploymentPostprocessing = 0;
		};
/* End PBXFrameworksBuildPhase section */

/* Begin PBXGroup section */
		8D7796221B8E0E5D00539311 = {
			isa = PBXGroup;
			children = (
				8D77962D1B8E0E5D00539311 /* IconLabel */,
				8D77963A1B8E0E5D00539311 /* IconLabelTests */,
				8D77962C1B8E0E5D00539311 /* Products */,
			);
			sourceTree = "<group>";
		};
		8D77962C1B8E0E5D00539311 /* Products */ = {
			isa = PBXGroup;
			children = (
				8D77962B1B8E0E5D00539311 /* libIconLabel.a */,
				8D7796361B8E0E5D00539311 /* IconLabelTests.xctest */,
			);
			name = Products;
			sourceTree = "<group>";
		};
		8D77962D1B8E0E5D00539311 /* IconLabel */ = {
			isa = PBXGroup;
			children = (
				8D77962E1B8E0E5D00539311 /* IconLabel.h */,
				8D7796301B8E0E5D00539311 /* IconLabel.m */,
			);
			path = IconLabel;
			sourceTree = "<group>";
		};
		8D77963A1B8E0E5D00539311 /* IconLabelTests */ = {
			isa = PBXGroup;
			children = (
				8D77963B1B8E0E5D00539311 /* Supporting Files */,
			);
			path = IconLabelTests;
			sourceTree = "<group>";
		};
		8D77963B1B8E0E5D00539311 /* Supporting Files */ = {
			isa = PBXGroup;
			children = (
				8D77963C1B8E0E5D00539311 /* Info.plist */,
			);
			name = "Supporting Files";
			sourceTree = "<group>";
		};
/* End PBXGroup section */

/* Begin PBXNativeTarget section */
		8D77962A1B8E0E5D00539311 /* IconLabel */ = {
			isa = PBXNativeTarget;
			buildConfigurationList = 8D77963F1B8E0E5D00539311 /* Build configuration list for PBXNativeTarget "IconLabel" */;
			buildPhases = (
				8D7796271B8E0E5D00539311 /* Sources */,
				8D7796281B8E0E5D00539311 /* Frameworks */,
				8D7796291B8E0E5D00539311 /* CopyFiles */,
			);
			buildRules = (
			);
			dependencies = (
			);
			name = IconLabel;
			productName = IconLabel;
			productReference = 8D77962B1B8E0E5D00539311 /* libIconLabel.a */;
			productType = "com.apple.product-type.library.static";
		};
		8D7796351B8E0E5D00539311 /* IconLabelTests */ = {
			isa = PBXNativeTarget;
			buildConfigurationList = 8D7796421B8E0E5D00539311 /* Build configuration list for PBXNativeTarget "IconLabelTests" */;
			buildPhases = (
				8D7796321B8E0E5D00539311 /* Sources */,
				8D7796331B8E0E5D00539311 /* Frameworks */,
				8D7796341B8E0E5D00539311 /* Resources */,
			);
			buildRules = (
			);
			dependencies = (
				8D7796391B8E0E5D00539311 /* PBXTargetDependency */,
			);
			name = IconLabelTests;
			productName = IconLabelTests;
			productReference = 8D7796361B8E0E5D00539311 /* IconLabelTests.xctest */;
			productType = "com.apple.product-type.bundle.unit-test";
		};
/* End PBXNativeTarget section */

/* Begin PBXProject section */
		8D7796231B8E0E5D00539311 /* Project object */ = {
			isa = PBXProject;
			attributes = {
				LastUpgradeCheck = 0640;
				ORGANIZATIONNAME = 18Feats;
				TargetAttributes = {
					8D77962A1B8E0E5D00539311 = {
						CreatedOnToolsVersion = 6.4;
					};
					8D7796351B8E0E5D00539311 = {
						CreatedOnToolsVersion = 6.4;
					};
				};
			};
			buildConfigurationList = 8D7796261B8E0E5D00539311 /* Build configuration list for PBXProject "IconLabel" */;
			compatibilityVersion = "Xcode 3.2";
			developmentRegion = English;
			hasScannedForEncodings = 0;
			knownRegions = (
				en,
			);
			mainGroup = 8D7796221B8E0E5D00539311;
			productRefGroup = 8D77962C1B8E0E5D00539311 /* Products */;
			projectDirPath = "";
			projectRoot = "";
			targets = (
				8D77962A1B8E0E5D00539311 /* IconLabel */,
				8D7796351B8E0E5D00539311 /* IconLabelTests */,
			);
		};
/* End PBXProject section */

/* Begin PBXResourcesBuildPhase section */
		8D7796341B8E0E5D00539311 /* Resources */ = {
			isa = PBXResourcesBuildPhase;
			buildActionMask = 2147483647;
			files = (
			);
			runOnlyForDeploymentPostprocessing = 0;
		};
/* End PBXResourcesBuildPhase section */

/* Begin PBXSourcesBuildPhase section */
		8D7796271B8E0E5D00539311 /* Sources */ = {
			isa = PBXSourcesBuildPhase;
			buildActionMask = 2147483647;
			files = (
				8D7796311B8E0E5D00539311 /* IconLabel.m in Sources */,
			);
			runOnlyForDeploymentPostprocessing = 0;
		};
		8D7796321B8E0E5D00539311 /* Sources */ = {
			isa = PBXSourcesBuildPhase;
			buildActionMask = 2147483647;
			files = (
			);
			runOnlyForDeploymentPostprocessing = 0;
		};
/* End PBXSourcesBuildPhase section */

/* Begin PBXTargetDependency section */
		8D7796391B8E0E5D00539311 /* PBXTargetDependency */ = {
			isa = PBXTargetDependency;
			target = 8D77962A1B8E0E5D00539311 /* IconLabel */;
			targetProxy = 8D7796381B8E0E5D00539311 /* PBXContainerItemProxy */;
		};
/* End PBXTargetDependency section */

/* Begin XCBuildConfiguration section */
		8D77963D1B8E0E5D00539311 /* Debug */ = {
			isa = XCBuildConfiguration;
			buildSettings = {
				ALWAYS_SEARCH_USER_PATHS = NO;
				CLANG_CXX_LANGUAGE_STANDARD = "gnu++0x";
				CLANG_CXX_LIBRARY = "libc++";
				CLANG_ENABLE_MODULES = YES;
				CLANG_ENABLE_OBJC_ARC = YES;
				CLANG_WARN_BOOL_CONVERSION = YES;
				CLANG_WARN_CONSTANT_CONVERSION = YES;
				CLANG_WARN_DIRECT_OBJC_ISA_USAGE = YES_ERROR;
				CLANG_WARN_EMPTY_BODY = YES;
				CLANG_WARN_ENUM_CONVERSION = YES;
				CLANG_WARN_INT_CONVERSION = YES;
				CLANG_WARN_OBJC_ROOT_CLASS = YES_ERROR;
				CLANG_WARN_UNREACHABLE_CODE = YES;
				CLANG_WARN__DUPLICATE_METHOD_MATCH = YES;
				COPY_PHASE_STRIP = NO;
				DEBUG_INFORMATION_FORMAT = "dwarf-with-dsym";
				ENABLE_STRICT_OBJC_MSGSEND = YES;
				GCC_C_LANGUAGE_STANDARD = gnu99;
				GCC_DYNAMIC_NO_PIC = NO;
				GCC_NO_COMMON_BLOCKS = YES;
				GCC_OPTIMIZATION_LEVEL = 0;
				GCC_PREPROCESSOR_DEFINITIONS = (
					"DEBUG=1",
					"$(inherited)",
				);
				GCC_SYMBOLS_PRIVATE_EXTERN = NO;
				GCC_WARN_64_TO_32_BIT_CONVERSION = YES;
				GCC_WARN_ABOUT_RETURN_TYPE = YES_ERROR;
				GCC_WARN_UNDECLARED_SELECTOR = YES;
				GCC_WARN_UNINITIALIZED_AUTOS = YES_AGGRESSIVE;
				GCC_WARN_UNUSED_FUNCTION = YES;
				GCC_WARN_UNUSED_VARIABLE = YES;
				IPHONEOS_DEPLOYMENT_TARGET = 8.4;
				MTL_ENABLE_DEBUG_INFO = YES;
				ONLY_ACTIVE_ARCH = YES;
				SDKROOT = iphoneos;
			};
			name = Debug;
		};
		8D77963E1B8E0E5D00539311 /* Release */ = {
			isa = XCBuildConfiguration;
			buildSettings = {
				ALWAYS_SEARCH_USER_PATHS = NO;
				CLANG_CXX_LANGUAGE_STANDARD = "gnu++0x";
				CLANG_CXX_LIBRARY = "libc++";
				CLANG_ENABLE_MODULES = YES;
				CLANG_ENABLE_OBJC_ARC = YES;
				CLANG_WARN_BOOL_CONVERSION = YES;
				CLANG_WARN_CONSTANT_CONVERSION = YES;
				CLANG_WARN_DIRECT_OBJC_ISA_USAGE = YES_ERROR;
				CLANG_WARN_EMPTY_BODY = YES;
				CLANG_WARN_ENUM_CONVERSION = YES;
				CLANG_WARN_INT_CONVERSION = YES;
				CLANG_WARN_OBJC_ROOT_CLASS = YES_ERROR;
				CLANG_WARN_UNREACHABLE_CODE = YES;
				CLANG_WARN__DUPLICATE_METHOD_MATCH = YES;
				COPY_PHASE_STRIP = NO;
				DEBUG_INFORMATION_FORMAT = "dwarf-with-dsym";
				ENABLE_NS_ASSERTIONS = NO;
				ENABLE_STRICT_OBJC_MSGSEND = YES;
				GCC_C_LANGUAGE_STANDARD = gnu99;
				GCC_NO_COMMON_BLOCKS = YES;
				GCC_WARN_64_TO_32_BIT_CONVERSION = YES;
				GCC_WARN_ABOUT_RETURN_TYPE = YES_ERROR;
				GCC_WARN_UNDECLARED_SELECTOR = YES;
				GCC_WARN_UNINITIALIZED_AUTOS = YES_AGGRESSIVE;
				GCC_WARN_UNUSED_FUNCTION = YES;
				GCC_WARN_UNUSED_VARIABLE = YES;
				IPHONEOS_DEPLOYMENT_TARGET = 8.4;
				MTL_ENABLE_DEBUG_INFO = NO;
				SDKROOT = iphoneos;
				VALIDATE_PRODUCT = YES;
			};
			name = Release;
		};
		8D7796401B8E0E5D00539311 /* Debug */ = {
			isa = XCBuildConfiguration;
			buildSettings = {
				OTHER_LDFLAGS = "-ObjC";
				PRODUCT_NAME = "$(TARGET_NAME)";
				SKIP_INSTALL = YES;
			};
			name = Debug;
		};
		8D7796411B8E0E5D00539311 /* Release */ = {
			isa = XCBuildConfiguration;
			buildSettings = {
				OTHER_LDFLAGS = "-ObjC";
				PRODUCT_NAME = "$(TARGET_NAME)";
				SKIP_INSTALL = YES;
			};
			name = Release;
		};
		8D7796431B8E0E5D00539311 /* Debug */ = {
			isa = XCBuildConfiguration;
			buildSettings = {
				"CODE_SIGN_IDENTITY[sdk=iphoneos*]" = "iPhone Developer";
				FRAMEWORK_SEARCH_PATHS = (
					"$(SDKROOT)/Developer/Library/Frameworks",
					"$(inherited)",
				);
				GCC_PREPROCESSOR_DEFINITIONS = (
					"DEBUG=1",
					"$(inherited)",
				);
				INFOPLIST_FILE = IconLabelTests/Info.plist;
				LD_RUNPATH_SEARCH_PATHS = "$(inherited) @executable_path/Frameworks @loader_path/Frameworks";
				PRODUCT_NAME = "$(TARGET_NAME)";
			};
			name = Debug;
		};
		8D7796441B8E0E5D00539311 /* Release */ = {
			isa = XCBuildConfiguration;
			buildSettings = {
				"CODE_SIGN_IDENTITY[sdk=iphoneos*]" = "iPhone Developer";
				FRAMEWORK_SEARCH_PATHS = (
					"$(SDKROOT)/Developer/Library/Frameworks",
					"$(inherited)",
				);
				INFOPLIST_FILE = IconLabelTests/Info.plist;
				LD_RUNPATH_SEARCH_PATHS = "$(inherited) @executable_path/Frameworks @loader_path/Frameworks";
				PRODUCT_NAME = "$(TARGET_NAME)";
			};
			name = Release;
		};
/* End XCBuildConfiguration section */

/* Begin XCConfigurationList section */
		8D7796261B8E0E5D00539311 /* Build configuration list for PBXProject "IconLabel" */ = {
			isa = XCConfigurationList;
			buildConfigurations = (
				8D77963D1B8E0E5D00539311 /* Debug */,
				8D77963E1B8E0E5D00539311 /* Release */,
			);
			defaultConfigurationIsVisible = 0;
			defaultConfigurationName = Release;
		};
		8D77963F1B8E0E5D00539311 /* Build configuration list for PBXNativeTarget "IconLabel" */ = {
			isa = XCConfigurationList;
			buildConfigurations = (
				8D7796401B8E0E5D00539311 /* Debug */,
				8D7796411B8E0E5D00539311 /* Release */,
			);
			defaultConfigurationIsVisible = 0;
		};
		8D7796421B8E0E5D00539311 /* Build configuration list for PBXNativeTarget "IconLabelTests" */ = {
			isa = XCConfigurationList;
			buildConfigurations = (
				8D7796431B8E0E5D00539311 /* Debug */,
				8D7796441B8E0E5D00539311 /* Release */,
			);
			defaultConfigurationIsVisible = 0;
		};
/* End XCConfigurationList section */
	};
	rootObject = 8D7796231B8E0E5D00539311 /* Project object */;
}
